
Microsoft Visual Studio Solution File, Format Version 12.00
# Visual Studio Version 17
VisualStudioVersion = 17.7.34031.279
MinimumVisualStudioVersion = 10.0.40219.1
Project("{FAE04EC0-301F-11D3-BF4B-00C04F79EFBC}") = "avtobaza", "avtobaza\avtobaza.csproj", "{DEC1DD2D-AA08-4847-8916-CF0BA4F70638}"
EndProject
Project("{FAE04EC0-301F-11D3-BF4B-00C04F79EFBC}") = "ClassLibrary", "ClassLibrary\ClassLibrary.csproj", "{519D283E-B433-4C32-8627-73C6F6D76712}"
EndProject
Project("{FAE04EC0-301F-11D3-BF4B-00C04F79EFBC}") = "ConsoleApp", "ConsoleApp\ConsoleApp.csproj", "{335932F7-38C5-4D7A-AC94-FA593AFDA530}"
EndProject
Global
	GlobalSection(SolutionConfigurationPlatforms) = preSolution
		Debug|Any CPU = Debug|Any CPU
		Release|Any CPU = Release|Any CPU
	EndGlobalSection
	GlobalSection(ProjectConfigurationPlatforms) = postSolution
		{DEC1DD2D-AA08-4847-8916-CF0BA4F70638}.Debug|Any CPU.ActiveCfg = Debug|Any CPU
		{DEC1DD2D-AA08-4847-8916-CF0BA4F70638}.Debug|Any CPU.Build.0 = Debug|Any CPU
		{DEC1DD2D-AA08-4847-8916-CF0BA4F70638}.Release|Any CPU.ActiveCfg = Release|Any CPU
		{DEC1DD2D-AA08-4847-8916-CF0BA4F70638}.Release|Any CPU.Build.0 = Release|Any CPU
		{519D283E-B433-4C32-8627-73C6F6D76712}.Debug|Any CPU.ActiveCfg = Debug|Any CPU
		{519D283E-B433-4C32-8627-73C6F6D76712}.Debug|Any CPU.Build.0 = Debug|Any CPU
		{519D283E-B433-4C32-8627-73C6F6D76712}.Release|Any CPU.ActiveCfg = Release|Any CPU
		{519D283E-B433-4C32-8627-73C6F6D76712}.Release|Any CPU.Build.0 = Release|Any CPU
		{335932F7-38C5-4D7A-AC94-FA593AFDA530}.Debug|Any CPU.ActiveCfg = Debug|Any CPU
		{335932F7-38C5-4D7A-AC94-FA593AFDA530}.Debug|Any CPU.Build.0 = Debug|Any CPU
		{335932F7-38C5-4D7A-AC94-FA593AFDA530}.Release|Any CPU.ActiveCfg = Release|Any CPU
		{335932F7-38C5-4D7A-AC94-FA593AFDA530}.Release|Any CPU.Build.0 = Release|Any CPU
	EndGlobalSection
	GlobalSection(SolutionProperties) = preSolution
		HideSolutionNode = FALSE
	EndGlobalSection
	GlobalSection(ExtensibilityGlobals) = postSolution
		SolutionGuid = {FF111393-A34B-4339-BAA2-8DEAA6E4E48B}
	EndGlobalSection
EndGlobal
